{
  "version": 4,
  "terraform_version": "1.3.7",
  "serial": 8,
  "lineage": "2a359224-eaee-f1ba-7f3d-36376b74bd26",
  "outputs": {},
  "resources": [
    {
      "mode": "data",
      "type": "google_compute_global_address",
      "name": "external-ip",
      "provider": "provider[\"registry.terraform.io/hashicorp/google\"]",
      "instances": [
        {
          "schema_version": 0,
          "attributes": {
            "address": null,
            "id": null,
            "name": null,
            "project": null,
            "self_link": null,
            "status": null
          },
          "sensitive_attributes": []
        }
      ]
    },
    {
      "mode": "data",
      "type": "google_compute_network",
      "name": "vpc_network",
      "provider": "provider[\"registry.terraform.io/hashicorp/google\"]",
      "instances": [
        {
          "schema_version": 0,
          "attributes": {
            "description": "Default network for the project",
            "gateway_ipv4": "",
            "id": "projects/bitehack-374710/global/networks/default",
            "name": "default",
            "project": null,
            "self_link": "https://www.googleapis.com/compute/v1/projects/bitehack-374710/global/networks/default",
            "subnetworks_self_links": [
              "https://www.googleapis.com/compute/v1/projects/bitehack-374710/regions/us-west1/subnetworks/default",
              "https://www.googleapis.com/compute/v1/projects/bitehack-374710/regions/us-south1/subnetworks/default",
              "https://www.googleapis.com/compute/v1/projects/bitehack-374710/regions/europe-southwest1/subnetworks/default",
              "https://www.googleapis.com/compute/v1/projects/bitehack-374710/regions/australia-southeast2/subnetworks/default",
              "https://www.googleapis.com/compute/v1/projects/bitehack-374710/regions/asia-southeast1/subnetworks/default",
              "https://www.googleapis.com/compute/v1/projects/bitehack-374710/regions/europe-west8/subnetworks/default",
              "https://www.googleapis.com/compute/v1/projects/bitehack-374710/regions/southamerica-east1/subnetworks/default",
              "https://www.googleapis.com/compute/v1/projects/bitehack-374710/regions/southamerica-west1/subnetworks/default",
              "https://www.googleapis.com/compute/v1/projects/bitehack-374710/regions/europe-west2/subnetworks/default",
              "https://www.googleapis.com/compute/v1/projects/bitehack-374710/regions/us-west3/subnetworks/default",
              "https://www.googleapis.com/compute/v1/projects/bitehack-374710/regions/us-east5/subnetworks/default",
              "https://www.googleapis.com/compute/v1/projects/bitehack-374710/regions/asia-east2/subnetworks/default",
              "https://www.googleapis.com/compute/v1/projects/bitehack-374710/regions/australia-southeast1/subnetworks/default",
              "https://www.googleapis.com/compute/v1/projects/bitehack-374710/regions/europe-west9/subnetworks/default",
              "https://www.googleapis.com/compute/v1/projects/bitehack-374710/regions/asia-east1/subnetworks/default",
              "https://www.googleapis.com/compute/v1/projects/bitehack-374710/regions/asia-southeast2/subnetworks/default",
              "https://www.googleapis.com/compute/v1/projects/bitehack-374710/regions/europe-west4/subnetworks/default",
              "https://www.googleapis.com/compute/v1/projects/bitehack-374710/regions/asia-south2/subnetworks/default",
              "https://www.googleapis.com/compute/v1/projects/bitehack-374710/regions/northamerica-northeast2/subnetworks/default",
              "https://www.googleapis.com/compute/v1/projects/bitehack-374710/regions/asia-northeast1/subnetworks/default",
              "https://www.googleapis.com/compute/v1/projects/bitehack-374710/regions/us-east7/subnetworks/default",
              "https://www.googleapis.com/compute/v1/projects/bitehack-374710/regions/us-central1/subnetworks/default",
              "https://www.googleapis.com/compute/v1/projects/bitehack-374710/regions/europe-west1/subnetworks/default",
              "https://www.googleapis.com/compute/v1/projects/bitehack-374710/regions/northamerica-northeast1/subnetworks/default",
              "https://www.googleapis.com/compute/v1/projects/bitehack-374710/regions/us-west2/subnetworks/default",
              "https://www.googleapis.com/compute/v1/projects/bitehack-374710/regions/europe-central2/subnetworks/default",
              "https://www.googleapis.com/compute/v1/projects/bitehack-374710/regions/asia-northeast3/subnetworks/default",
              "https://www.googleapis.com/compute/v1/projects/bitehack-374710/regions/europe-west3/subnetworks/default",
              "https://www.googleapis.com/compute/v1/projects/bitehack-374710/regions/us-east1/subnetworks/default",
              "https://www.googleapis.com/compute/v1/projects/bitehack-374710/regions/us-west4/subnetworks/default",
              "https://www.googleapis.com/compute/v1/projects/bitehack-374710/regions/asia-northeast2/subnetworks/default",
              "https://www.googleapis.com/compute/v1/projects/bitehack-374710/regions/us-east4/subnetworks/default",
              "https://www.googleapis.com/compute/v1/projects/bitehack-374710/regions/europe-west6/subnetworks/default",
              "https://www.googleapis.com/compute/v1/projects/bitehack-374710/regions/me-west1/subnetworks/default",
              "https://www.googleapis.com/compute/v1/projects/bitehack-374710/regions/europe-north1/subnetworks/default",
              "https://www.googleapis.com/compute/v1/projects/bitehack-374710/regions/asia-south1/subnetworks/default"
            ]
          },
          "sensitive_attributes": []
        }
      ]
    },
    {
      "mode": "data",
      "type": "google_compute_subnetwork",
      "name": "defualt",
      "provider": "provider[\"registry.terraform.io/hashicorp/google\"]",
      "instances": [
        {
          "schema_version": 0,
          "attributes": {
            "description": "",
            "gateway_address": "10.164.0.1",
            "id": "projects/bitehack-374710/regions/europe-west4/subnetworks/default",
            "ip_cidr_range": "10.164.0.0/20",
            "name": "default",
            "network": "https://www.googleapis.com/compute/v1/projects/bitehack-374710/global/networks/default",
            "private_ip_google_access": false,
            "project": "bitehack-374710",
            "region": "europe-west4",
            "secondary_ip_range": [],
            "self_link": "https://www.googleapis.com/compute/v1/projects/bitehack-374710/regions/europe-west4/subnetworks/default"
          },
          "sensitive_attributes": []
        }
      ]
    },
    {
      "mode": "managed",
      "type": "google_compute_instance",
      "name": "prodvm",
      "provider": "provider[\"registry.terraform.io/hashicorp/google\"]",
      "instances": [
        {
          "schema_version": 6,
          "attributes": {
            "advanced_machine_features": [],
            "allow_stopping_for_update": null,
            "attached_disk": [],
            "boot_disk": [
              {
                "auto_delete": true,
                "device_name": "persistent-disk-0",
                "disk_encryption_key_raw": "",
                "disk_encryption_key_sha256": "",
                "initialize_params": [
                  {
                    "image": "https://www.googleapis.com/compute/v1/projects/ubuntu-os-cloud/global/images/ubuntu-2204-jammy-v20230114",
                    "labels": {},
                    "size": 10,
                    "type": "pd-standard"
                  }
                ],
                "kms_key_self_link": "",
                "mode": "READ_WRITE",
                "source": "https://www.googleapis.com/compute/v1/projects/bitehack-374710/zones/europe-west4-a/disks/prodvm"
              }
            ],
            "can_ip_forward": false,
            "confidential_instance_config": [],
            "cpu_platform": "Intel Broadwell",
            "current_status": "RUNNING",
            "deletion_protection": false,
            "description": "",
            "desired_status": null,
            "enable_display": false,
            "guest_accelerator": [],
            "hostname": "",
            "id": "projects/bitehack-374710/zones/europe-west4-a/instances/prodvm",
            "instance_id": "7963441700124108568",
            "label_fingerprint": "42WmSpB8rSM=",
            "labels": null,
            "machine_type": "e2-medium",
            "metadata": null,
            "metadata_fingerprint": "eDMXrTuKdnw=",
            "metadata_startup_script": "#! /bin/bash\n",
            "min_cpu_platform": "",
            "name": "prodvm",
            "network_interface": [
              {
                "access_config": [
                  {
                    "nat_ip": "34.90.75.65",
                    "network_tier": "PREMIUM",
                    "public_ptr_domain_name": ""
                  }
                ],
                "alias_ip_range": [],
                "ipv6_access_config": [],
                "ipv6_access_type": "",
                "name": "nic0",
                "network": "https://www.googleapis.com/compute/v1/projects/bitehack-374710/global/networks/default",
                "network_ip": "10.164.0.2",
                "nic_type": "",
                "queue_count": 0,
                "stack_type": "IPV4_ONLY",
                "subnetwork": "https://www.googleapis.com/compute/v1/projects/bitehack-374710/regions/europe-west4/subnetworks/default",
                "subnetwork_project": "bitehack-374710"
              }
            ],
            "project": "bitehack-374710",
            "reservation_affinity": [],
            "resource_policies": null,
            "scheduling": [
              {
                "automatic_restart": true,
                "instance_termination_action": "",
                "min_node_cpus": 0,
                "node_affinities": [],
                "on_host_maintenance": "MIGRATE",
                "preemptible": false,
                "provisioning_model": "STANDARD"
              }
            ],
            "scratch_disk": [],
            "self_link": "https://www.googleapis.com/compute/v1/projects/bitehack-374710/zones/europe-west4-a/instances/prodvm",
            "service_account": [],
            "shielded_instance_config": [
              {
                "enable_integrity_monitoring": true,
                "enable_secure_boot": false,
                "enable_vtpm": true
              }
            ],
            "tags": null,
            "tags_fingerprint": "42WmSpB8rSM=",
            "timeouts": null,
            "zone": "europe-west4-a"
          },
          "sensitive_attributes": [],
          "private": "eyJlMmJmYjczMC1lY2FhLTExZTYtOGY4OC0zNDM2M2JjN2M0YzAiOnsiY3JlYXRlIjoxMjAwMDAwMDAwMDAwLCJkZWxldGUiOjEyMDAwMDAwMDAwMDAsInVwZGF0ZSI6MTIwMDAwMDAwMDAwMH0sInNjaGVtYV92ZXJzaW9uIjoiNiJ9",
          "dependencies": [
            "data.google_compute_global_address.external-ip",
            "data.google_compute_subnetwork.defualt"
          ]
        }
      ]
    }
  ],
  "check_results": null
}
